{
  "name": "al-hadid",
  "version": "0.1.0",
  "lockfileVersion": 3,
  "requires": true,
  "packages": {
    "": {
      "name": "al-hadid",
      "version": "0.1.0",
      "dependencies": {
        "@testing-library/dom": "^10.4.0",
        "@testing-library/jest-dom": "^6.6.3",
        "@testing-library/react": "^16.2.0",
        "@testing-library/user-event": "^13.5.0",
        "react": "^19.0.0",
        "react-dom": "^19.0.0",
        "web-vitals": "^2.1.4"
      },
      "devDependencies": {
        "autoprefix": "^1.0.1",
        "postcss": "^8.5.3",
        "tailwindcss": "^4.0.14"
      }
    },
    "node_modules/@adobe/css-tools": {
      "version": "4.4.2",
      "resolved": "https://registry.npmjs.org/@adobe/css-tools/-/css-tools-4.4.2.tgz",
      "integrity": "sha512-baYZExFpsdkBNuvGKTKWCwKH57HRZLVtycZS05WTQNVOiXVSeAki3nU35zlRbToeMW8aHlJfyS+1C4BOv27q0A==",
      "license": "MIT"
    },
    "node_modules/@babel/code-frame": {
      "version": "7.26.2",
      "resolved": "https://registry.npmjs.org/@babel/code-frame/-/code-frame-7.26.2.tgz",
      "integrity": "sha512-RJlIHRueQgwWitWgF8OdFYGZX328Ax5BCemNGlqHfplnRT9ESi8JkFlvaVYbS+UubVY6dpv87Fs2u5M29iNFVQ==",
      "license": "MIT",
      "dependencies": {
        "@babel/helper-validator-identifier": "^7.25.9",
        "js-tokens": "^4.0.0",
        "picocolors": "^1.0.0"
      },
      "engines": {
        "node": ">=6.9.0"
      }
    },
    "node_modules/@babel/helper-validator-identifier": {
      "version": "7.25.9",
      "resolved": "https://registry.npmjs.org/@babel/helper-validator-identifier/-/helper-validator-identifier-7.25.9.tgz",
      "integrity": "sha512-Ed61U6XJc3CVRfkERJWDz4dJwKe7iLmmJsbOGu9wSloNSFttHV0I8g6UAgb7qnK5ly5bGLPd4oXZlxCdANBOWQ==",
      "license": "MIT",
      "engines": {
        "node": ">=6.9.0"
      }
    },
    "node_modules/@babel/runtime": {
      "version": "7.26.10",
      "resolved": "https://registry.npmjs.org/@babel/runtime/-/runtime-7.26.10.tgz",
      "integrity": "sha512-2WJMeRQPHKSPemqk/awGrAiuFfzBmOIPXKizAsVhWH9YJqLZ0H+HS4c8loHGgW6utJ3E/ejXQUsiGaQy2NZ9Fw==",
      "license": "MIT",
      "dependencies": {
        "regenerator-runtime": "^0.14.0"
      },
      "engines": {
        "node": ">=6.9.0"
      }
    },
    "node_modules/@testing-library/dom": {
      "version": "10.4.0",
      "resolved": "https://registry.npmjs.org/@testing-library/dom/-/dom-10.4.0.tgz",
      "integrity": "sha512-pemlzrSESWbdAloYml3bAJMEfNh1Z7EduzqPKprCH5S341frlpYnUEW0H72dLxa6IsYr+mPno20GiSm+h9dEdQ==",
      "license": "MIT",
      "dependencies": {
        "@babel/code-frame": "^7.10.4",
        "@babel/runtime": "^7.12.5",
        "@types/aria-query": "^5.0.1",
        "aria-query": "5.3.0",
        "chalk": "^4.1.0",
        "dom-accessibility-api": "^0.5.9",
        "lz-string": "^1.5.0",
        "pretty-format": "^27.0.2"
      },
      "engines": {
        "node": ">=18"
      }
    },
    "node_modules/@testing-library/jest-dom": {
      "version": "6.6.3",
      "resolved": "https://registry.npmjs.org/@testing-library/jest-dom/-/jest-dom-6.6.3.tgz",
      "integrity": "sha512-IteBhl4XqYNkM54f4ejhLRJiZNqcSCoXUOG2CPK7qbD322KjQozM4kHQOfkG2oln9b9HTYqs+Sae8vBATubxxA==",
      "license": "MIT",
      "dependencies": {
        "@adobe/css-tools": "^4.4.0",
        "aria-query": "^5.0.0",
        "chalk": "^3.0.0",
        "css.escape": "^1.5.1",
        "dom-accessibility-api": "^0.6.3",
        "lodash": "^4.17.21",
        "redent": "^3.0.0"
      },
      "engines": {
        "node": ">=14",
        "npm": ">=6",
        "yarn": ">=1"
      }
    },
    "node_modules/@testing-library/jest-dom/node_modules/chalk": {
      "version": "3.0.0",
      "resolved": "https://registry.npmjs.org/chalk/-/chalk-3.0.0.tgz",
      "integrity": "sha512-4D3B6Wf41KOYRFdszmDqMCGq5VV/uMAB273JILmO+3jAlh8X4qDtdtgCR3fxtbLEMzSx22QdhnDcJvu2u1fVwg==",
      "license": "MIT",
      "dependencies": {
        "ansi-styles": "^4.1.0",
        "supports-color": "^7.1.0"
      },
      "engines": {
        "node": ">=8"
      }
    },
    "node_modules/@testing-library/jest-dom/node_modules/dom-accessibility-api": {
      "version": "0.6.3",
      "resolved": "https://registry.npmjs.org/dom-accessibility-api/-/dom-accessibility-api-0.6.3.tgz",
      "integrity": "sha512-7ZgogeTnjuHbo+ct10G9Ffp0mif17idi0IyWNVA/wcwcm7NPOD/WEHVP3n7n3MhXqxoIYm8d6MuZohYWIZ4T3w==",
      "license": "MIT"
    },
    "node_modules/@testing-library/react": {
      "version": "16.2.0",
      "resolved": "https://registry.npmjs.org/@testing-library/react/-/react-16.2.0.tgz",
      "integrity": "sha512-2cSskAvA1QNtKc8Y9VJQRv0tm3hLVgxRGDB+KYhIaPQJ1I+RHbhIXcM+zClKXzMes/wshsMVzf4B9vS4IZpqDQ==",
      "license": "MIT",
      "dependencies": {
        "@babel/runtime": "^7.12.5"
      },
      "engines": {
        "node": ">=18"
      },
      "peerDependencies": {
        "@testing-library/dom": "^10.0.0",
        "@types/react": "^18.0.0 || ^19.0.0",
        "@types/react-dom": "^18.0.0 || ^19.0.0",
        "react": "^18.0.0 || ^19.0.0",
        "react-dom": "^18.0.0 || ^19.0.0"
      },
      "peerDependenciesMeta": {
        "@types/react": {
          "optional": true
        },
        "@types/react-dom": {
          "optional": true
        }
      }
    },
    "node_modules/@testing-library/user-event": {
      "version": "13.5.0",
      "resolved": "https://registry.npmjs.org/@testing-library/user-event/-/user-event-13.5.0.tgz",
      "integrity": "sha512-5Kwtbo3Y/NowpkbRuSepbyMFkZmHgD+vPzYB/RJ4oxt5Gj/avFFBYjhw27cqSVPVw/3a67NK1PbiIr9k4Gwmdg==",
      "license": "MIT",
      "dependencies": {
        "@babel/runtime": "^7.12.5"
      },
      "engines": {
        "node": ">=10",
        "npm": ">=6"
      },
      "peerDependencies": {
        "@testing-library/dom": ">=7.21.4"
      }
    },
    "node_modules/@types/aria-query": {
      "version": "5.0.4",
      "resolved": "https://registry.npmjs.org/@types/aria-query/-/aria-query-5.0.4.tgz",
      "integrity": "sha512-rfT93uj5s0PRL7EzccGMs3brplhcrghnDoV26NqKhCAS1hVo+WdNsPvE/yb6ilfr5hi2MEk6d5EWJTKdxg8jVw==",
      "license": "MIT"
    },
    "node_modules/amdefine": {
      "version": "1.0.1",
      "resolved": "https://registry.npmjs.org/amdefine/-/amdefine-1.0.1.tgz",
      "integrity": "sha512-S2Hw0TtNkMJhIabBwIojKL9YHO5T0n5eNqWJ7Lrlel/zDbftQpxpapi8tZs3X1HWa+u+QeydGmzzNU0m09+Rcg==",
      "dev": true,
      "license": "BSD-3-Clause OR MIT",
      "engines": {
        "node": ">=0.4.2"
      }
    },
    "node_modules/ansi-regex": {
      "version": "5.0.1",
      "resolved": "https://registry.npmjs.org/ansi-regex/-/ansi-regex-5.0.1.tgz",
      "integrity": "sha512-quJQXlTSUGL2LH9SUXo8VwsY4soanhgo6LNSm84E1LBcE8s3O0wpdiRzyR9z/ZZJMlMWv37qOOb9pdJlMUEKFQ==",
      "license": "MIT",
      "engines": {
        "node": ">=8"
      }
    },
    "node_modules/ansi-styles": {
      "version": "4.3.0",
      "resolved": "https://registry.npmjs.org/ansi-styles/-/ansi-styles-4.3.0.tgz",
      "integrity": "sha512-zbB9rCJAT1rbjiVDb2hqKFHNYLxgtk8NURxZ3IZwD3F6NtxbXZQCnnSi1Lkx+IDohdPlFp222wVALIheZJQSEg==",
      "license": "MIT",
      "dependencies": {
        "color-convert": "^2.0.1"
      },
      "engines": {
        "node": ">=8"
      },
      "funding": {
        "url": "https://github.com/chalk/ansi-styles?sponsor=1"
      }
    },
    "node_modules/aria-query": {
      "version": "5.3.0",
      "resolved": "https://registry.npmjs.org/aria-query/-/aria-query-5.3.0.tgz",
      "integrity": "sha512-b0P0sZPKtyu8HkeRAfCq0IfURZK+SuwMjY1UXGBU27wpAiTwQAIlq56IbIO+ytk/JjS1fMR14ee5WBBfKi5J6A==",
      "license": "Apache-2.0",
      "dependencies": {
        "dequal": "^2.0.3"
      }
    },
    "node_modules/autoprefix": {
      "version": "1.0.1",
      "resolved": "https://registry.npmjs.org/autoprefix/-/autoprefix-1.0.1.tgz",
      "integrity": "sha512-uS8sd6wq9i6B/+HY5ysWbddFkS1qEnMLxaYC8jVnNQUOo40lg7Udx5DcO1MxFfZVU6tvOKwlpDiqVrRfAjubhg==",
      "dev": true,
      "license": "MIT",
      "dependencies": {
        "autoprefixer-core": "~5.1.1",
        "camelcase": "^1.1.0",
        "decamelize": "^1.0.0"
      }
    },
    "node_modules/autoprefixer-core": {
      "version": "5.1.11",
      "resolved": "https://registry.npmjs.org/autoprefixer-core/-/autoprefixer-core-5.1.11.tgz",
      "integrity": "sha512-9mTI2s93BpYKsYnGIQx6txi2vk24K2+BFuuoGShlk9bSaaL5Dyjm2L3ENB9O9LSGqTethEUacnoZ5aGrOeCvfg==",
      "dev": true,
      "license": "MIT",
      "dependencies": {
        "browserslist": "~0.2.0",
        "caniuse-db": "^1.0.30000132",
        "num2fraction": "~1.1.0",
        "postcss": "~4.0.6"
      }
    },
    "node_modules/autoprefixer-core/node_modules/postcss": {
      "version": "4.0.6",
      "resolved": "https://registry.npmjs.org/postcss/-/postcss-4.0.6.tgz",
      "integrity": "sha512-vi0DkoNKHmuMMFzHX6s31D3yms/jWQ1/kVQRcA39hRZVhSmscmpXDVW6dpGIxVy5wqDVkFUpWpOh/wpeCmHGCA==",
      "dev": true,
      "license": "MIT",
      "dependencies": {
        "js-base64": "~2.1.7",
        "source-map": "~0.2.0"
      }
    },
    "node_modules/autoprefixer-core/node_modules/source-map": {
      "version": "0.2.0",
      "resolved": "https://registry.npmjs.org/source-map/-/source-map-0.2.0.tgz",
      "integrity": "sha512-CBdZ2oa/BHhS4xj5DlhjWNHcan57/5YuvfdLf17iVmIpd9KRm+DFLmC6nBNj+6Ua7Kt3TmOjDpQT1aTYOQtoUA==",
      "dev": true,
      "dependencies": {
        "amdefine": ">=0.0.4"
      },
      "engines": {
        "node": ">=0.8.0"
      }
    },
    "node_modules/browserslist": {
      "version": "0.2.0",
      "resolved": "https://registry.npmjs.org/browserslist/-/browserslist-0.2.0.tgz",
      "integrity": "sha512-i6Sq3Sb/Li23kPHugpBK01cW+NTzifzfc2zjlhZ8NcSBoX64B513eXgcALNgEtDmfLzuVgLosLpaNUdUjkKscg==",
      "deprecated": "Browserslist 2 could fail on reading Browserslist >3.0 config used in other tools.",
      "dev": true,
      "license": "MIT",
      "dependencies": {
        "caniuse-db": "^1.0.30000054"
      }
    },
    "node_modules/camelcase": {
      "version": "1.2.1",
      "resolved": "https://registry.npmjs.org/camelcase/-/camelcase-1.2.1.tgz",
      "integrity": "sha512-wzLkDa4K/mzI1OSITC+DUyjgIl/ETNHE9QvYgy6J6Jvqyyz4C0Xfd+lQhb19sX2jMpZV4IssUn0VDVmglV+s4g==",
      "dev": true,
      "license": "MIT",
      "engines": {
        "node": ">=0.10.0"
      }
    },
    "node_modules/caniuse-db": {
      "version": "1.0.30001706",
      "resolved": "https://registry.npmjs.org/caniuse-db/-/caniuse-db-1.0.30001706.tgz",
      "integrity": "sha512-VU8G223XVwNTRSBghmexTgTnp/as9X4IIzDzLTmH+XylLkNiC5TzNCL2ift67tTE1/A29+FaXz5DM7upLXTOow==",
      "dev": true,
      "license": "CC-BY-4.0"
    },
    "node_modules/chalk": {
      "version": "4.1.2",
      "resolved": "https://registry.npmjs.org/chalk/-/chalk-4.1.2.tgz",
      "integrity": "sha512-oKnbhFyRIXpUuez8iBMmyEa4nbj4IOQyuhc/wy9kY7/WVPcwIO9VA668Pu8RkO7+0G76SLROeyw9CpQ061i4mA==",
      "license": "MIT",
      "dependencies": {
        "ansi-styles": "^4.1.0",
        "supports-color": "^7.1.0"
      },
      "engines": {
        "node": ">=10"
      },
      "funding": {
        "url": "https://github.com/chalk/chalk?sponsor=1"
      }
    },
    "node_modules/color-convert": {
      "version": "2.0.1",
      "resolved": "https://registry.npmjs.org/color-convert/-/color-convert-2.0.1.tgz",
      "integrity": "sha512-RRECPsj7iu/xb5oKYcsFHSppFNnsj/52OVTRKb4zP5onXwVF3zVmmToNcOfGC+CRDpfK/U584fMg38ZHCaElKQ==",
      "license": "MIT",
      "dependencies": {
        "color-name": "~1.1.4"
      },
      "engines": {
        "node": ">=7.0.0"
      }
    },
    "node_modules/color-name": {
      "version": "1.1.4",
      "resolved": "https://registry.npmjs.org/color-name/-/color-name-1.1.4.tgz",
      "integrity": "sha512-dOy+3AuW3a2wNbZHIuMZpTcgjGuLU/uBL/ubcZF9OXbDo8ff4O8yVp5Bf0efS8uEoYo5q4Fx7dY9OgQGXgAsQA==",
      "license": "MIT"
    },
    "node_modules/css.escape": {
      "version": "1.5.1",
      "resolved": "https://registry.npmjs.org/css.escape/-/css.escape-1.5.1.tgz",
      "integrity": "sha512-YUifsXXuknHlUsmlgyY0PKzgPOr7/FjCePfHNt0jxm83wHZi44VDMQ7/fGNkjY3/jV1MC+1CmZbaHzugyeRtpg==",
      "license": "MIT"
    },
    "node_modules/decamelize": {
      "version": "1.2.0",
      "resolved": "https://registry.npmjs.org/decamelize/-/decamelize-1.2.0.tgz",
      "integrity": "sha512-z2S+W9X73hAUUki+N+9Za2lBlun89zigOyGrsax+KUQ6wKW4ZoWpEYBkGhQjwAjjDCkWxhY0VKEhk8wzY7F5cA==",
      "dev": true,
      "license": "MIT",
      "engines": {
        "node": ">=0.10.0"
      }
    },
    "node_modules/dequal": {
      "version": "2.0.3",
      "resolved": "https://registry.npmjs.org/dequal/-/dequal-2.0.3.tgz",
      "integrity": "sha512-0je+qPKHEMohvfRTCEo3CrPG6cAzAYgmzKyxRiYSSDkS6eGJdyVJm7WaYA5ECaAD9wLB2T4EEeymA5aFVcYXCA==",
      "license": "MIT",
      "engines": {
        "node": ">=6"
      }
    },
    "node_modules/dom-accessibility-api": {
      "version": "0.5.16",
      "resolved": "https://registry.npmjs.org/dom-accessibility-api/-/dom-accessibility-api-0.5.16.tgz",
      "integrity": "sha512-X7BJ2yElsnOJ30pZF4uIIDfBEVgF4XEBxL9Bxhy6dnrm5hkzqmsWHGTiHqRiITNhMyFLyAiWndIJP7Z1NTteDg==",
      "license": "MIT"
    },
    "node_modules/has-flag": {
      "version": "4.0.0",
      "resolved": "https://registry.npmjs.org/has-flag/-/has-flag-4.0.0.tgz",
      "integrity": "sha512-EykJT/Q1KjTWctppgIAgfSO0tKVuZUjhgMr17kqTumMl6Afv3EISleU7qZUzoXDFTAHTDC4NOoG/ZxU3EvlMPQ==",
      "license": "MIT",
      "engines": {
        "node": ">=8"
      }
    },
    "node_modules/indent-string": {
      "version": "4.0.0",
      "resolved": "https://registry.npmjs.org/indent-string/-/indent-string-4.0.0.tgz",
      "integrity": "sha512-EdDDZu4A2OyIK7Lr/2zG+w5jmbuk1DVBnEwREQvBzspBJkCEbRa8GxU1lghYcaGJCnRWibjDXlq779X1/y5xwg==",
      "license": "MIT",
      "engines": {
        "node": ">=8"
      }
    },
    "node_modules/js-base64": {
      "version": "2.1.9",
      "resolved": "https://registry.npmjs.org/js-base64/-/js-base64-2.1.9.tgz",
      "integrity": "sha512-f+5mYh8iF7FlF7zgmj/yqvvYQUHI0kAxGiLjIfNxZzqJ7RQNc4sjgp8crVJw0Kzv2O6aFGZWgMTnO71I9utHSg==",
      "dev": true,
      "license": "BSD"
    },
    "node_modules/js-tokens": {
      "version": "4.0.0",
      "resolved": "https://registry.npmjs.org/js-tokens/-/js-tokens-4.0.0.tgz",
      "integrity": "sha512-RdJUflcE3cUzKiMqQgsCu06FPu9UdIJO0beYbPhHN4k6apgJtifcoCtT9bcxOpYBtpD2kCM6Sbzg4CausW/PKQ==",
      "license": "MIT"
    },
    "node_modules/lodash": {
      "version": "4.17.21",
      "resolved": "https://registry.npmjs.org/lodash/-/lodash-4.17.21.tgz",
      "integrity": "sha512-v2kDEe57lecTulaDIuNTPy3Ry4gLGJ6Z1O3vE1krgXZNrsQ+LFTGHVxVjcXPs17LhbZVGedAJv8XZ1tvj5FvSg==",
      "license": "MIT"
    },
    "node_modules/lz-string": {
      "version": "1.5.0",
      "resolved": "https://registry.npmjs.org/lz-string/-/lz-string-1.5.0.tgz",
      "integrity": "sha512-h5bgJWpxJNswbU7qCrV0tIKQCaS3blPDrqKWx+QxzuzL1zGUzij9XCWLrSLsJPu5t+eWA/ycetzYAO5IOMcWAQ==",
      "license": "MIT",
      "bin": {
        "lz-string": "bin/bin.js"
      }
    },
    "node_modules/min-indent": {
      "version": "1.0.1",
      "resolved": "https://registry.npmjs.org/min-indent/-/min-indent-1.0.1.tgz",
      "integrity": "sha512-I9jwMn07Sy/IwOj3zVkVik2JTvgpaykDZEigL6Rx6N9LbMywwUSMtxET+7lVoDLLd3O3IXwJwvuuns8UB/HeAg==",
      "license": "MIT",
      "engines": {
        "node": ">=4"
      }
    },
    "node_modules/nanoid": {
      "version": "3.3.11",
      "resolved": "https://registry.npmjs.org/nanoid/-/nanoid-3.3.11.tgz",
      "integrity": "sha512-N8SpfPUnUp1bK+PMYW8qSWdl9U+wwNWI4QKxOYDy9JAro3WMX7p2OeVRF9v+347pnakNevPmiHhNmZ2HbFA76w==",
      "dev": true,
      "funding": [
        {
          "type": "github",
          "url": "https://github.com/sponsors/ai"
        }
      ],
      "license": "MIT",
      "bin": {
        "nanoid": "bin/nanoid.cjs"
      },
      "engines": {
        "node": "^10 || ^12 || ^13.7 || ^14 || >=15.0.1"
      }
    },
    "node_modules/num2fraction": {
      "version": "1.1.0",
      "resolved": "https://registry.npmjs.org/num2fraction/-/num2fraction-1.1.0.tgz",
      "integrity": "sha512-xdb2PeSY7+yPt67MgXHQmK5BCMJr/v5yC90mPDlaGceMaPaS72N435F6dLFsRoiLjoJ/FPb7X6PbAU/DWvdaqw==",
      "dev": true,
      "license": "MIT"
    },
    "node_modules/picocolors": {
      "version": "1.1.1",
      "resolved": "https://registry.npmjs.org/picocolors/-/picocolors-1.1.1.tgz",
      "integrity": "sha512-xceH2snhtb5M9liqDsmEw56le376mTZkEX/jEb/RxNFyegNul7eNslCXP9FDj/Lcu0X8KEyMceP2ntpaHrDEVA==",
      "license": "ISC"
    },
    "node_modules/postcss": {
      "version": "8.5.3",
      "resolved": "https://registry.npmjs.org/postcss/-/postcss-8.5.3.tgz",
      "integrity": "sha512-dle9A3yYxlBSrt8Fu+IpjGT8SY8hN0mlaA6GY8t0P5PjIOZemULz/E2Bnm/2dcUOena75OTNkHI76uZBNUUq3A==",
      "dev": true,
      "funding": [
        {
          "type": "opencollective",
          "url": "https://opencollective.com/postcss/"
        },
        {
          "type": "tidelift",
          "url": "https://tidelift.com/funding/github/npm/postcss"
        },
        {
          "type": "github",
          "url": "https://github.com/sponsors/ai"
        }
      ],
      "license": "MIT",
      "dependencies": {
        "nanoid": "^3.3.8",
        "picocolors": "^1.1.1",
        "source-map-js": "^1.2.1"
      },
      "engines": {
        "node": "^10 || ^12 || >=14"
      }
    },
    "node_modules/pretty-format": {
      "version": "27.5.1",
      "resolved": "https://registry.npmjs.org/pretty-format/-/pretty-format-27.5.1.tgz",
      "integrity": "sha512-Qb1gy5OrP5+zDf2Bvnzdl3jsTf1qXVMazbvCoKhtKqVs4/YK4ozX4gKQJJVyNe+cajNPn0KoC0MC3FUmaHWEmQ==",
      "license": "MIT",
      "dependencies": {
        "ansi-regex": "^5.0.1",
        "ansi-styles": "^5.0.0",
        "react-is": "^17.0.1"
      },
      "engines": {
        "node": "^10.13.0 || ^12.13.0 || ^14.15.0 || >=15.0.0"
      }
    },
    "node_modules/pretty-format/node_modules/ansi-styles": {
      "version": "5.2.0",
      "resolved": "https://registry.npmjs.org/ansi-styles/-/ansi-styles-5.2.0.tgz",
      "integrity": "sha512-Cxwpt2SfTzTtXcfOlzGEee8O+c+MmUgGrNiBcXnuWxuFJHe6a5Hz7qwhwe5OgaSYI0IJvkLqWX1ASG+cJOkEiA==",
      "license": "MIT",
      "engines": {
        "node": ">=10"
      },
      "funding": {
        "url": "https://github.com/chalk/ansi-styles?sponsor=1"
      }
    },
    "node_modules/react": {
      "version": "19.0.0",
      "resolved": "https://registry.npmjs.org/react/-/react-19.0.0.tgz",
      "integrity": "sha512-V8AVnmPIICiWpGfm6GLzCR/W5FXLchHop40W4nXBmdlEceh16rCN8O8LNWm5bh5XUX91fh7KpA+W0TgMKmgTpQ==",
      "license": "MIT",
      "engines": {
        "node": ">=0.10.0"
      }
    },
    "node_modules/react-dom": {
      "version": "19.0.0",
      "resolved": "https://registry.npmjs.org/react-dom/-/react-dom-19.0.0.tgz",
      "integrity": "sha512-4GV5sHFG0e/0AD4X+ySy6UJd3jVl1iNsNHdpad0qhABJ11twS3TTBnseqsKurKcsNqCEFeGL3uLpVChpIO3QfQ==",
      "license": "MIT",
      "dependencies": {
        "scheduler": "^0.25.0"
      },
      "peerDependencies": {
        "react": "^19.0.0"
      }
    },
    "node_modules/react-is": {
      "version": "17.0.2",
      "resolved": "https://registry.npmjs.org/react-is/-/react-is-17.0.2.tgz",
      "integrity": "sha512-w2GsyukL62IJnlaff/nRegPQR94C/XXamvMWmSHRJ4y7Ts/4ocGRmTHvOs8PSE6pB3dWOrD/nueuU5sduBsQ4w==",
      "license": "MIT"
    },
    "node_modules/redent": {
      "version": "3.0.0",
      "resolved": "https://registry.npmjs.org/redent/-/redent-3.0.0.tgz",
      "integrity": "sha512-6tDA8g98We0zd0GvVeMT9arEOnTw9qM03L9cJXaCjrip1OO764RDBLBfrB4cwzNGDj5OA5ioymC9GkizgWJDUg==",
      "license": "MIT",
      "dependencies": {
        "indent-string": "^4.0.0",
        "strip-indent": "^3.0.0"
      },
      "engines": {
        "node": ">=8"
      }
    },
    "node_modules/regenerator-runtime": {
      "version": "0.14.1",
      "resolved": "https://registry.npmjs.org/regenerator-runtime/-/regenerator-runtime-0.14.1.tgz",
      "integrity": "sha512-dYnhHh0nJoMfnkZs6GmmhFknAGRrLznOu5nc9ML+EJxGvrx6H7teuevqVqCuPcPK//3eDrrjQhehXVx9cnkGdw==",
      "license": "MIT"
    },
    "node_modules/scheduler": {
      "version": "0.25.0",
      "resolved": "https://registry.npmjs.org/scheduler/-/scheduler-0.25.0.tgz",
      "integrity": "sha512-xFVuu11jh+xcO7JOAGJNOXld8/TcEHK/4CituBUeUb5hqxJLj9YuemAEuvm9gQ/+pgXYfbQuqAkiYu+u7YEsNA==",
      "license": "MIT"
    },
    "node_modules/source-map-js": {
      "version": "1.2.1",
      "resolved": "https://registry.npmjs.org/source-map-js/-/source-map-js-1.2.1.tgz",
      "integrity": "sha512-UXWMKhLOwVKb728IUtQPXxfYU+usdybtUrK/8uGE8CQMvrhOpwvzDBwj0QhSL7MQc7vIsISBG8VQ8+IDQxpfQA==",
      "dev": true,
      "license": "BSD-3-Clause",
      "engines": {
        "node": ">=0.10.0"
      }
    },
    "node_modules/strip-indent": {
      "version": "3.0.0",
      "resolved": "https://registry.npmjs.org/strip-indent/-/strip-indent-3.0.0.tgz",
      "integrity": "sha512-laJTa3Jb+VQpaC6DseHhF7dXVqHTfJPCRDaEbid/drOhgitgYku/letMUqOXFoWV0zIIUbjpdH2t+tYj4bQMRQ==",
      "license": "MIT",
      "dependencies": {
        "min-indent": "^1.0.0"
      },
      "engines": {
        "node": ">=8"
      }
    },
    "node_modules/supports-color": {
      "version": "7.2.0",
      "resolved": "https://registry.npmjs.org/supports-color/-/supports-color-7.2.0.tgz",
      "integrity": "sha512-qpCAvRl9stuOHveKsn7HncJRvv501qIacKzQlO/+Lwxc9+0q2wLyv4Dfvt80/DPn2pqOBsJdDiogXGR9+OvwRw==",
      "license": "MIT",
      "dependencies": {
        "has-flag": "^4.0.0"
      },
      "engines": {
        "node": ">=8"
      }
    },
    "node_modules/tailwindcss": {
      "version": "4.0.14",
      "resolved": "https://registry.npmjs.org/tailwindcss/-/tailwindcss-4.0.14.tgz",
      "integrity": "sha512-92YT2dpt671tFiHH/e1ok9D987N9fHD5VWoly1CdPD/Cd1HMglvZwP3nx2yTj2lbXDAHt8QssZkxTLCCTNL+xw==",
      "dev": true,
      "license": "MIT"
    },
    "node_modules/web-vitals": {
      "version": "2.1.4",
      "resolved": "https://registry.npmjs.org/web-vitals/-/web-vitals-2.1.4.tgz",
      "integrity": "sha512-sVWcwhU5mX6crfI5Vd2dC4qchyTqxV8URinzt25XqVh+bHEPGH4C3NPrNionCP7Obx59wrYEbNlw4Z8sjALzZg==",
      "license": "Apache-2.0"
    }
  }
}
